
Microsoft Visual Studio Solution File, Format Version 12.00
# Visual Studio 2013
VisualStudioVersion = 12.0.40629.0
MinimumVisualStudioVersion = 10.0.40219.1
Project("{FAE04EC0-301F-11D3-BF4B-00C04F79EFBC}") = "remote", "remote\remote.csproj", "{579A0565-067A-48F6-9DDA-D51D608320BB}"
EndProject
Project("{FAE04EC0-301F-11D3-BF4B-00C04F79EFBC}") = "UnitTestProject1", "UnitTestProject1\UnitTestProject1.csproj", "{27937958-DF71-4A36-A6D8-D08FF2053281}"
EndProject
Project("{FAE04EC0-301F-11D3-BF4B-00C04F79EFBC}") = "IoC", "IoC\IoC.csproj", "{30B91521-9D60-44CE-BE51-34F56CFFD43E}"
EndProject
Global
	GlobalSection(SolutionConfigurationPlatforms) = preSolution
		Debug|Any CPU = Debug|Any CPU
		Release|Any CPU = Release|Any CPU
	EndGlobalSection
	GlobalSection(ProjectConfigurationPlatforms) = postSolution
		{579A0565-067A-48F6-9DDA-D51D608320BB}.Debug|Any CPU.ActiveCfg = Debug|Any CPU
		{579A0565-067A-48F6-9DDA-D51D608320BB}.Debug|Any CPU.Build.0 = Debug|Any CPU
		{579A0565-067A-48F6-9DDA-D51D608320BB}.Release|Any CPU.ActiveCfg = Release|Any CPU
		{579A0565-067A-48F6-9DDA-D51D608320BB}.Release|Any CPU.Build.0 = Release|Any CPU
		{27937958-DF71-4A36-A6D8-D08FF2053281}.Debug|Any CPU.ActiveCfg = Debug|Any CPU
		{27937958-DF71-4A36-A6D8-D08FF2053281}.Debug|Any CPU.Build.0 = Debug|Any CPU
		{27937958-DF71-4A36-A6D8-D08FF2053281}.Release|Any CPU.ActiveCfg = Release|Any CPU
		{27937958-DF71-4A36-A6D8-D08FF2053281}.Release|Any CPU.Build.0 = Release|Any CPU
		{30B91521-9D60-44CE-BE51-34F56CFFD43E}.Debug|Any CPU.ActiveCfg = Debug|Any CPU
		{30B91521-9D60-44CE-BE51-34F56CFFD43E}.Debug|Any CPU.Build.0 = Debug|Any CPU
		{30B91521-9D60-44CE-BE51-34F56CFFD43E}.Release|Any CPU.ActiveCfg = Release|Any CPU
		{30B91521-9D60-44CE-BE51-34F56CFFD43E}.Release|Any CPU.Build.0 = Release|Any CPU
	EndGlobalSection
	GlobalSection(SolutionProperties) = preSolution
		HideSolutionNode = FALSE
	EndGlobalSection
EndGlobal
